
Microsoft Visual Studio Solution File, Format Version 12.00
# Visual Studio 15
VisualStudioVersion = 15.0.28010.2003
MinimumVisualStudioVersion = 10.0.40219.1
Project("{9A19103F-16F7-4668-BE54-9A1E7A4F7556}") = "EFCoreSamples", "EFCoreSamples\EFCoreSamples.csproj", "{BB11ECE2-66FD-4B34-9B54-E8E59DBF46F5}"
EndProject
Project("{9A19103F-16F7-4668-BE54-9A1E7A4F7556}") = "BooksSample", "BooksSample\BooksSample.csproj", "{C4FB2F1D-3F16-4B9B-803F-E66B7BEEDAE6}"
EndProject
Project("{9A19103F-16F7-4668-BE54-9A1E7A4F7556}") = "Intro", "Intro\Intro.csproj", "{88BF94B2-F156-4D6A-86BD-93F857F15008}"
EndProject
Project("{9A19103F-16F7-4668-BE54-9A1E7A4F7556}") = "UsingDependencyInjection", "UsingDependencyInjection\UsingDependencyInjection.csproj", "{3E90E1B5-3C34-400E-8F10-F661C0823D1F}"
EndProject
Project("{FAE04EC0-301F-11D3-BF4B-00C04F79EFBC}") = "MenusSample", "MenusSample\MenusSample.csproj", "{AD95A6A0-1545-4E01-A4A5-8CF32514ECFD}"
EndProject
Project("{FAE04EC0-301F-11D3-BF4B-00C04F79EFBC}") = "ScaffoldSample", "ScaffoldSample\ScaffoldSample.csproj", "{9121CD68-5AED-453D-9F2E-C9DFFCD79093}"
EndProject
Project("{FAE04EC0-301F-11D3-BF4B-00C04F79EFBC}") = "Scaffolding", "Scaffolding\Scaffolding.csproj", "{9C168730-6914-4EB7-9DB2-D7AD30A3DA0D}"
EndProject
Global
	GlobalSection(SolutionConfigurationPlatforms) = preSolution
		Debug|Any CPU = Debug|Any CPU
		Release|Any CPU = Release|Any CPU
	EndGlobalSection
	GlobalSection(ProjectConfigurationPlatforms) = postSolution
		{BB11ECE2-66FD-4B34-9B54-E8E59DBF46F5}.Debug|Any CPU.ActiveCfg = Debug|Any CPU
		{BB11ECE2-66FD-4B34-9B54-E8E59DBF46F5}.Debug|Any CPU.Build.0 = Debug|Any CPU
		{BB11ECE2-66FD-4B34-9B54-E8E59DBF46F5}.Release|Any CPU.ActiveCfg = Release|Any CPU
		{BB11ECE2-66FD-4B34-9B54-E8E59DBF46F5}.Release|Any CPU.Build.0 = Release|Any CPU
		{C4FB2F1D-3F16-4B9B-803F-E66B7BEEDAE6}.Debug|Any CPU.ActiveCfg = Debug|Any CPU
		{C4FB2F1D-3F16-4B9B-803F-E66B7BEEDAE6}.Debug|Any CPU.Build.0 = Debug|Any CPU
		{C4FB2F1D-3F16-4B9B-803F-E66B7BEEDAE6}.Release|Any CPU.ActiveCfg = Release|Any CPU
		{C4FB2F1D-3F16-4B9B-803F-E66B7BEEDAE6}.Release|Any CPU.Build.0 = Release|Any CPU
		{88BF94B2-F156-4D6A-86BD-93F857F15008}.Debug|Any CPU.ActiveCfg = Debug|Any CPU
		{88BF94B2-F156-4D6A-86BD-93F857F15008}.Debug|Any CPU.Build.0 = Debug|Any CPU
		{88BF94B2-F156-4D6A-86BD-93F857F15008}.Release|Any CPU.ActiveCfg = Release|Any CPU
		{88BF94B2-F156-4D6A-86BD-93F857F15008}.Release|Any CPU.Build.0 = Release|Any CPU
		{3E90E1B5-3C34-400E-8F10-F661C0823D1F}.Debug|Any CPU.ActiveCfg = Debug|Any CPU
		{3E90E1B5-3C34-400E-8F10-F661C0823D1F}.Debug|Any CPU.Build.0 = Debug|Any CPU
		{3E90E1B5-3C34-400E-8F10-F661C0823D1F}.Release|Any CPU.ActiveCfg = Release|Any CPU
		{3E90E1B5-3C34-400E-8F10-F661C0823D1F}.Release|Any CPU.Build.0 = Release|Any CPU
		{AD95A6A0-1545-4E01-A4A5-8CF32514ECFD}.Debug|Any CPU.ActiveCfg = Debug|Any CPU
		{AD95A6A0-1545-4E01-A4A5-8CF32514ECFD}.Debug|Any CPU.Build.0 = Debug|Any CPU
		{AD95A6A0-1545-4E01-A4A5-8CF32514ECFD}.Release|Any CPU.ActiveCfg = Release|Any CPU
		{AD95A6A0-1545-4E01-A4A5-8CF32514ECFD}.Release|Any CPU.Build.0 = Release|Any CPU
		{9121CD68-5AED-453D-9F2E-C9DFFCD79093}.Debug|Any CPU.ActiveCfg = Debug|Any CPU
		{9121CD68-5AED-453D-9F2E-C9DFFCD79093}.Debug|Any CPU.Build.0 = Debug|Any CPU
		{9121CD68-5AED-453D-9F2E-C9DFFCD79093}.Release|Any CPU.ActiveCfg = Release|Any CPU
		{9121CD68-5AED-453D-9F2E-C9DFFCD79093}.Release|Any CPU.Build.0 = Release|Any CPU
		{9C168730-6914-4EB7-9DB2-D7AD30A3DA0D}.Debug|Any CPU.ActiveCfg = Debug|Any CPU
		{9C168730-6914-4EB7-9DB2-D7AD30A3DA0D}.Debug|Any CPU.Build.0 = Debug|Any CPU
		{9C168730-6914-4EB7-9DB2-D7AD30A3DA0D}.Release|Any CPU.ActiveCfg = Release|Any CPU
		{9C168730-6914-4EB7-9DB2-D7AD30A3DA0D}.Release|Any CPU.Build.0 = Release|Any CPU
	EndGlobalSection
	GlobalSection(SolutionProperties) = preSolution
		HideSolutionNode = FALSE
	EndGlobalSection
	GlobalSection(ExtensibilityGlobals) = postSolution
		SolutionGuid = {25AF08BA-5776-4119-B903-78B5B0914346}
	EndGlobalSection
EndGlobal
