
Microsoft Visual Studio Solution File, Format Version 12.00
# Visual Studio 15
VisualStudioVersion = 15.0.28010.2003
MinimumVisualStudioVersion = 10.0.40219.1
Project("{9A19103F-16F7-4668-BE54-9A1E7A4F7556}") = "EFCoreSamples", "EFCoreSamples\EFCoreSamples.csproj", "{BB11ECE2-66FD-4B34-9B54-E8E59DBF46F5}"
EndProject
Project("{9A19103F-16F7-4668-BE54-9A1E7A4F7556}") = "BooksSample", "BooksSample\BooksSample.csproj", "{C4FB2F1D-3F16-4B9B-803F-E66B7BEEDAE6}"
EndProject
Project("{9A19103F-16F7-4668-BE54-9A1E7A4F7556}") = "Intro", "Intro\Intro.csproj", "{88BF94B2-F156-4D6A-86BD-93F857F15008}"
EndProject
Project("{9A19103F-16F7-4668-BE54-9A1E7A4F7556}") = "UsingDependencyInjection", "UsingDependencyInjection\UsingDependencyInjection.csproj", "{3E90E1B5-3C34-400E-8F10-F661C0823D1F}"
EndProject
Project("{9A19103F-16F7-4668-BE54-9A1E7A4F7556}") = "MenusSample", "MenusSample\MenusSample.csproj", "{AD95A6A0-1545-4E01-A4A5-8CF32514ECFD}"
EndProject
Project("{9A19103F-16F7-4668-BE54-9A1E7A4F7556}") = "ScaffoldSample", "ScaffoldSample\ScaffoldSample.csproj", "{9121CD68-5AED-453D-9F2E-C9DFFCD79093}"
EndProject
Project("{9A19103F-16F7-4668-BE54-9A1E7A4F7556}") = "Scaffolding", "Scaffolding\Scaffolding.csproj", "{9C168730-6914-4EB7-9DB2-D7AD30A3DA0D}"
EndProject
Project("{9A19103F-16F7-4668-BE54-9A1E7A4F7556}") = "RelationUsingConventions", "RelationUsingConventions\RelationUsingConventions.csproj", "{6602CA4E-82AA-4CCA-A10F-1E72AC6D9226}"
EndProject
Project("{9A19103F-16F7-4668-BE54-9A1E7A4F7556}") = "RelationUsingAnnotations", "RelationUsingAnnotations\RelationUsingAnnotations.csproj", "{52E9B4D9-373F-4DAC-92C4-FCA4C9C7FFA3}"
EndProject
Project("{9A19103F-16F7-4668-BE54-9A1E7A4F7556}") = "RelationUsingFluentAPI", "RelationUsingFluentAPI\RelationUsingFluentAPI.csproj", "{D26C4AFE-8D4C-4160-8F4D-79757F48A756}"
EndProject
Project("{9A19103F-16F7-4668-BE54-9A1E7A4F7556}") = "TPHWithConventions", "TPHWithConventions\TPHWithConventions.csproj", "{366FC025-D1CB-4FCD-932D-B45D134C70FA}"
EndProject
Project("{9A19103F-16F7-4668-BE54-9A1E7A4F7556}") = "TPHWithFluentAPI", "TPHWithFluentAPI\TPHWithFluentAPI.csproj", "{359A82A0-0227-4805-BB6A-2AA0D15C8897}"
EndProject
Project("{9A19103F-16F7-4668-BE54-9A1E7A4F7556}") = "TableSplitting", "TableSplitting\TableSplitting.csproj", "{4B64DA22-8DEA-45D6-8AB9-8C6B528B4085}"
EndProject
Project("{9A19103F-16F7-4668-BE54-9A1E7A4F7556}") = "OwnedEntities", "OwnedEntities\OwnedEntities.csproj", "{D183BB53-83C1-4007-AF5A-BA1C1A34FD79}"
EndProject
Project("{FAE04EC0-301F-11D3-BF4B-00C04F79EFBC}") = "TransactionsSample", "TransactionsSample\TransactionsSample.csproj", "{70EB95A8-3C69-4DD7-8417-3D00D4821109}"
EndProject
Global
	GlobalSection(SolutionConfigurationPlatforms) = preSolution
		Debug|Any CPU = Debug|Any CPU
		Release|Any CPU = Release|Any CPU
	EndGlobalSection
	GlobalSection(ProjectConfigurationPlatforms) = postSolution
		{BB11ECE2-66FD-4B34-9B54-E8E59DBF46F5}.Debug|Any CPU.ActiveCfg = Debug|Any CPU
		{BB11ECE2-66FD-4B34-9B54-E8E59DBF46F5}.Debug|Any CPU.Build.0 = Debug|Any CPU
		{BB11ECE2-66FD-4B34-9B54-E8E59DBF46F5}.Release|Any CPU.ActiveCfg = Release|Any CPU
		{BB11ECE2-66FD-4B34-9B54-E8E59DBF46F5}.Release|Any CPU.Build.0 = Release|Any CPU
		{C4FB2F1D-3F16-4B9B-803F-E66B7BEEDAE6}.Debug|Any CPU.ActiveCfg = Debug|Any CPU
		{C4FB2F1D-3F16-4B9B-803F-E66B7BEEDAE6}.Debug|Any CPU.Build.0 = Debug|Any CPU
		{C4FB2F1D-3F16-4B9B-803F-E66B7BEEDAE6}.Release|Any CPU.ActiveCfg = Release|Any CPU
		{C4FB2F1D-3F16-4B9B-803F-E66B7BEEDAE6}.Release|Any CPU.Build.0 = Release|Any CPU
		{88BF94B2-F156-4D6A-86BD-93F857F15008}.Debug|Any CPU.ActiveCfg = Debug|Any CPU
		{88BF94B2-F156-4D6A-86BD-93F857F15008}.Debug|Any CPU.Build.0 = Debug|Any CPU
		{88BF94B2-F156-4D6A-86BD-93F857F15008}.Release|Any CPU.ActiveCfg = Release|Any CPU
		{88BF94B2-F156-4D6A-86BD-93F857F15008}.Release|Any CPU.Build.0 = Release|Any CPU
		{3E90E1B5-3C34-400E-8F10-F661C0823D1F}.Debug|Any CPU.ActiveCfg = Debug|Any CPU
		{3E90E1B5-3C34-400E-8F10-F661C0823D1F}.Debug|Any CPU.Build.0 = Debug|Any CPU
		{3E90E1B5-3C34-400E-8F10-F661C0823D1F}.Release|Any CPU.ActiveCfg = Release|Any CPU
		{3E90E1B5-3C34-400E-8F10-F661C0823D1F}.Release|Any CPU.Build.0 = Release|Any CPU
		{AD95A6A0-1545-4E01-A4A5-8CF32514ECFD}.Debug|Any CPU.ActiveCfg = Debug|Any CPU
		{AD95A6A0-1545-4E01-A4A5-8CF32514ECFD}.Debug|Any CPU.Build.0 = Debug|Any CPU
		{AD95A6A0-1545-4E01-A4A5-8CF32514ECFD}.Release|Any CPU.ActiveCfg = Release|Any CPU
		{AD95A6A0-1545-4E01-A4A5-8CF32514ECFD}.Release|Any CPU.Build.0 = Release|Any CPU
		{9121CD68-5AED-453D-9F2E-C9DFFCD79093}.Debug|Any CPU.ActiveCfg = Debug|Any CPU
		{9121CD68-5AED-453D-9F2E-C9DFFCD79093}.Debug|Any CPU.Build.0 = Debug|Any CPU
		{9121CD68-5AED-453D-9F2E-C9DFFCD79093}.Release|Any CPU.ActiveCfg = Release|Any CPU
		{9121CD68-5AED-453D-9F2E-C9DFFCD79093}.Release|Any CPU.Build.0 = Release|Any CPU
		{9C168730-6914-4EB7-9DB2-D7AD30A3DA0D}.Debug|Any CPU.ActiveCfg = Debug|Any CPU
		{9C168730-6914-4EB7-9DB2-D7AD30A3DA0D}.Debug|Any CPU.Build.0 = Debug|Any CPU
		{9C168730-6914-4EB7-9DB2-D7AD30A3DA0D}.Release|Any CPU.ActiveCfg = Release|Any CPU
		{9C168730-6914-4EB7-9DB2-D7AD30A3DA0D}.Release|Any CPU.Build.0 = Release|Any CPU
		{6602CA4E-82AA-4CCA-A10F-1E72AC6D9226}.Debug|Any CPU.ActiveCfg = Debug|Any CPU
		{6602CA4E-82AA-4CCA-A10F-1E72AC6D9226}.Debug|Any CPU.Build.0 = Debug|Any CPU
		{6602CA4E-82AA-4CCA-A10F-1E72AC6D9226}.Release|Any CPU.ActiveCfg = Release|Any CPU
		{6602CA4E-82AA-4CCA-A10F-1E72AC6D9226}.Release|Any CPU.Build.0 = Release|Any CPU
		{52E9B4D9-373F-4DAC-92C4-FCA4C9C7FFA3}.Debug|Any CPU.ActiveCfg = Debug|Any CPU
		{52E9B4D9-373F-4DAC-92C4-FCA4C9C7FFA3}.Debug|Any CPU.Build.0 = Debug|Any CPU
		{52E9B4D9-373F-4DAC-92C4-FCA4C9C7FFA3}.Release|Any CPU.ActiveCfg = Release|Any CPU
		{52E9B4D9-373F-4DAC-92C4-FCA4C9C7FFA3}.Release|Any CPU.Build.0 = Release|Any CPU
		{D26C4AFE-8D4C-4160-8F4D-79757F48A756}.Debug|Any CPU.ActiveCfg = Debug|Any CPU
		{D26C4AFE-8D4C-4160-8F4D-79757F48A756}.Debug|Any CPU.Build.0 = Debug|Any CPU
		{D26C4AFE-8D4C-4160-8F4D-79757F48A756}.Release|Any CPU.ActiveCfg = Release|Any CPU
		{D26C4AFE-8D4C-4160-8F4D-79757F48A756}.Release|Any CPU.Build.0 = Release|Any CPU
		{366FC025-D1CB-4FCD-932D-B45D134C70FA}.Debug|Any CPU.ActiveCfg = Debug|Any CPU
		{366FC025-D1CB-4FCD-932D-B45D134C70FA}.Debug|Any CPU.Build.0 = Debug|Any CPU
		{366FC025-D1CB-4FCD-932D-B45D134C70FA}.Release|Any CPU.ActiveCfg = Release|Any CPU
		{366FC025-D1CB-4FCD-932D-B45D134C70FA}.Release|Any CPU.Build.0 = Release|Any CPU
		{359A82A0-0227-4805-BB6A-2AA0D15C8897}.Debug|Any CPU.ActiveCfg = Debug|Any CPU
		{359A82A0-0227-4805-BB6A-2AA0D15C8897}.Debug|Any CPU.Build.0 = Debug|Any CPU
		{359A82A0-0227-4805-BB6A-2AA0D15C8897}.Release|Any CPU.ActiveCfg = Release|Any CPU
		{359A82A0-0227-4805-BB6A-2AA0D15C8897}.Release|Any CPU.Build.0 = Release|Any CPU
		{4B64DA22-8DEA-45D6-8AB9-8C6B528B4085}.Debug|Any CPU.ActiveCfg = Debug|Any CPU
		{4B64DA22-8DEA-45D6-8AB9-8C6B528B4085}.Debug|Any CPU.Build.0 = Debug|Any CPU
		{4B64DA22-8DEA-45D6-8AB9-8C6B528B4085}.Release|Any CPU.ActiveCfg = Release|Any CPU
		{4B64DA22-8DEA-45D6-8AB9-8C6B528B4085}.Release|Any CPU.Build.0 = Release|Any CPU
		{D183BB53-83C1-4007-AF5A-BA1C1A34FD79}.Debug|Any CPU.ActiveCfg = Debug|Any CPU
		{D183BB53-83C1-4007-AF5A-BA1C1A34FD79}.Debug|Any CPU.Build.0 = Debug|Any CPU
		{D183BB53-83C1-4007-AF5A-BA1C1A34FD79}.Release|Any CPU.ActiveCfg = Release|Any CPU
		{D183BB53-83C1-4007-AF5A-BA1C1A34FD79}.Release|Any CPU.Build.0 = Release|Any CPU
		{70EB95A8-3C69-4DD7-8417-3D00D4821109}.Debug|Any CPU.ActiveCfg = Debug|Any CPU
		{70EB95A8-3C69-4DD7-8417-3D00D4821109}.Debug|Any CPU.Build.0 = Debug|Any CPU
		{70EB95A8-3C69-4DD7-8417-3D00D4821109}.Release|Any CPU.ActiveCfg = Release|Any CPU
		{70EB95A8-3C69-4DD7-8417-3D00D4821109}.Release|Any CPU.Build.0 = Release|Any CPU
	EndGlobalSection
	GlobalSection(SolutionProperties) = preSolution
		HideSolutionNode = FALSE
	EndGlobalSection
	GlobalSection(ExtensibilityGlobals) = postSolution
		SolutionGuid = {25AF08BA-5776-4119-B903-78B5B0914346}
	EndGlobalSection
EndGlobal
