
Microsoft Visual Studio Solution File, Format Version 12.00
# Visual Studio 15
VisualStudioVersion = 15.0.27703.2035
MinimumVisualStudioVersion = 10.0.40219.1
Project("{FAE04EC0-301F-11D3-BF4B-00C04F79EFBC}") = "EFCoreModelUsingFluentAPI", "EFCoreModelUsingFluentAPI\EFCoreModelUsingFluentAPI.csproj", "{D1A5DE30-6903-4E94-BFAF-FD0E5968C157}"
EndProject
Global
	GlobalSection(SolutionConfigurationPlatforms) = preSolution
		Debug|Any CPU = Debug|Any CPU
		Release|Any CPU = Release|Any CPU
	EndGlobalSection
	GlobalSection(ProjectConfigurationPlatforms) = postSolution
		{D1A5DE30-6903-4E94-BFAF-FD0E5968C157}.Debug|Any CPU.ActiveCfg = Debug|Any CPU
		{D1A5DE30-6903-4E94-BFAF-FD0E5968C157}.Debug|Any CPU.Build.0 = Debug|Any CPU
		{D1A5DE30-6903-4E94-BFAF-FD0E5968C157}.Release|Any CPU.ActiveCfg = Release|Any CPU
		{D1A5DE30-6903-4E94-BFAF-FD0E5968C157}.Release|Any CPU.Build.0 = Release|Any CPU
	EndGlobalSection
	GlobalSection(SolutionProperties) = preSolution
		HideSolutionNode = FALSE
	EndGlobalSection
	GlobalSection(ExtensibilityGlobals) = postSolution
		SolutionGuid = {BA5F20BB-330E-4A8E-AD6C-EB6EC652F5EF}
	EndGlobalSection
EndGlobal
