
Microsoft Visual Studio Solution File, Format Version 12.00
# Visual Studio 15
VisualStudioVersion = 15.0.27703.2018
MinimumVisualStudioVersion = 10.0.40219.1
Project("{FAE04EC0-301F-11D3-BF4B-00C04F79EFBC}") = "ProDemo", "ProDemo\ProDemo.csproj", "{3BEC1E6E-22B5-4FB4-84FD-9534E6522A5D}"
EndProject
Project("{2150E333-8FDC-42A3-9474-1A3956D46DE8}") = "AsnyncDemo", "AsnyncDemo", "{9398C1D2-D7A9-4D20-9162-E1115EE6A369}"
EndProject
Project("{FAE04EC0-301F-11D3-BF4B-00C04F79EFBC}") = "AsyncWpf", "AsyncWpf\AsyncWpf.csproj", "{D6B320F4-E971-4618-9B33-ADE874190210}"
EndProject
Project("{2150E333-8FDC-42A3-9474-1A3956D46DE8}") = "Common", "Common", "{6C8F5927-BA3B-4291-9AAB-12ECD1E82BC9}"
EndProject
Project("{2150E333-8FDC-42A3-9474-1A3956D46DE8}") = "NetworkDemo", "NetworkDemo", "{16BD67B6-BC17-4A5D-A0CB-9A6EB5411EF1}"
EndProject
Project("{FAE04EC0-301F-11D3-BF4B-00C04F79EFBC}") = "NetworkWpf", "NetworkWpf\NetworkWpf.csproj", "{BF51B835-E87D-4898-A1C2-3B34E7F2FF58}"
EndProject
Project("{FAE04EC0-301F-11D3-BF4B-00C04F79EFBC}") = "HttpClientUWP", "HttpClientUWP\HttpClientUWP.csproj", "{1D2440E2-3E1D-4775-A23D-8C16C7AA37B7}"
EndProject
Project("{2150E333-8FDC-42A3-9474-1A3956D46DE8}") = "ParallelDemo", "ParallelDemo", "{83FF4F39-36DC-47F0-B830-EDEE8EA8F1FF}"
EndProject
Project("{FAE04EC0-301F-11D3-BF4B-00C04F79EFBC}") = "ParallelWpf", "ParallelWpf\ParallelWpf.csproj", "{259F042D-8775-49E6-A1FC-D796613FD344}"
EndProject
Project("{FAE04EC0-301F-11D3-BF4B-00C04F79EFBC}") = "CommonLibrary", "CommonLibrary\CommonLibrary.csproj", "{EBD250BC-8016-4BEC-8FFF-7120D3A57027}"
EndProject
Project("{2150E333-8FDC-42A3-9474-1A3956D46DE8}") = "SynchronizationDemo", "SynchronizationDemo", "{D278A1FA-5142-47D8-8E5B-D95376063221}"
EndProject
Project("{FAE04EC0-301F-11D3-BF4B-00C04F79EFBC}") = "SynchronizationWpf", "SynchronizationWpf\SynchronizationWpf.csproj", "{AD8B3B2B-0645-4412-A052-F10C5672610A}"
EndProject
Project("{2150E333-8FDC-42A3-9474-1A3956D46DE8}") = "FilesAndStreamsDemo", "FilesAndStreamsDemo", "{ECC040BC-FD7F-4D82-AC6F-A2674D3287B4}"
EndProject
Project("{FAE04EC0-301F-11D3-BF4B-00C04F79EFBC}") = "FilesAndStreamsWpf", "FilesAndStreamsWpf\FilesAndStreamsWpf.csproj", "{4D642A8D-2E7E-4D94-9C35-16228E8004D4}"
EndProject
Project("{FAE04EC0-301F-11D3-BF4B-00C04F79EFBC}") = "SynchronizationConsole", "SynchronizationConsole\SynchronizationConsole.csproj", "{E35A77CC-F8A6-42BD-B7A4-C455CDC97ED6}"
EndProject
Project("{FAE04EC0-301F-11D3-BF4B-00C04F79EFBC}") = "FilesAndStreamsConsole", "FilesAndStreamsConsole\FilesAndStreamsConsole.csproj", "{AD82CBB3-C3DC-4306-8F59-3099D8D0F681}"
EndProject
Project("{2150E333-8FDC-42A3-9474-1A3956D46DE8}") = "ServerAndClientDemo", "ServerAndClientDemo", "{F3474DE5-EEFD-4F67-A7C0-4F1DA0E15ED9}"
EndProject
Project("{FAE04EC0-301F-11D3-BF4B-00C04F79EFBC}") = "ServerConsole", "ServerConsole\ServerConsole.csproj", "{182390B5-7265-4837-859E-1993D7ABF614}"
EndProject
Project("{FAE04EC0-301F-11D3-BF4B-00C04F79EFBC}") = "ClientConsole", "ClientConsole\ClientConsole.csproj", "{4313D01F-4FCB-4B06-85EC-A7EBCFBD39FD}"
EndProject
Project("{FAE04EC0-301F-11D3-BF4B-00C04F79EFBC}") = "FilesAndStreamsApp", "FilesAndStreamsApp\FilesAndStreamsApp.csproj", "{A273A1F5-0FB2-4037-8F68-7E833CF52C3D}"
EndProject
Project("{2150E333-8FDC-42A3-9474-1A3956D46DE8}") = "SafeDemo", "SafeDemo", "{E50F4A66-F72D-4670-818E-197538BA694D}"
EndProject
Project("{FAE04EC0-301F-11D3-BF4B-00C04F79EFBC}") = "SafeConsole", "SafeConsole\SafeConsole.csproj", "{81AA4C25-AA1D-4D32-9F60-8FA7C18DB679}"
EndProject
Project("{9A19103F-16F7-4668-BE54-9A1E7A4F7556}") = "SafeConsoleApp", "SafeConsoleApp\SafeConsoleApp.csproj", "{306F0A6C-3295-4AA8-A50B-345C59ACAFE8}"
EndProject
Project("{2150E333-8FDC-42A3-9474-1A3956D46DE8}") = "CompositionDemo", "CompositionDemo", "{B9A0FB00-2A4B-4DC1-BA54-022BB18CB1CD}"
EndProject
Project("{9A19103F-16F7-4668-BE54-9A1E7A4F7556}") = "CompositionConsoleApp", "CompositionConsoleApp\CompositionConsoleApp.csproj", "{A91D3F66-7C05-49B2-A3B1-E141F469AF87}"
EndProject
Project("{FAE04EC0-301F-11D3-BF4B-00C04F79EFBC}") = "CompositionUWP", "CompositionUWP\CompositionUWP.csproj", "{EC9EDD58-735E-4601-9008-CB3E0FFBB02D}"
EndProject
Project("{9A19103F-16F7-4668-BE54-9A1E7A4F7556}") = "UICalculator", "UICalculator\UICalculator.csproj", "{71F1CBFC-CF74-470E-9F16-D65E94FBDD1F}"
EndProject
Project("{FAE04EC0-301F-11D3-BF4B-00C04F79EFBC}") = "CompositionWpf", "CompositionWpf\CompositionWpf.csproj", "{C4552C7F-C20B-4CE9-82A9-83658E4B849B}"
EndProject
Project("{D954291E-2A0B-460D-934E-DC6B0785DB48}") = "CompositionShared", "CompositionShared\CompositionShared.shproj", "{DE05F979-4987-4425-8E28-8AEA99D5E5CB}"
EndProject
Global
	GlobalSection(SharedMSBuildProjectFiles) = preSolution
		CompositionShared\CompositionShared.projitems*{de05f979-4987-4425-8e28-8aea99d5e5cb}*SharedItemsImports = 13
	EndGlobalSection
	GlobalSection(SolutionConfigurationPlatforms) = preSolution
		Debug|Any CPU = Debug|Any CPU
		Debug|ARM = Debug|ARM
		Debug|x64 = Debug|x64
		Debug|x86 = Debug|x86
		Release|Any CPU = Release|Any CPU
		Release|ARM = Release|ARM
		Release|x64 = Release|x64
		Release|x86 = Release|x86
	EndGlobalSection
	GlobalSection(ProjectConfigurationPlatforms) = postSolution
		{3BEC1E6E-22B5-4FB4-84FD-9534E6522A5D}.Debug|Any CPU.ActiveCfg = Debug|Any CPU
		{3BEC1E6E-22B5-4FB4-84FD-9534E6522A5D}.Debug|Any CPU.Build.0 = Debug|Any CPU
		{3BEC1E6E-22B5-4FB4-84FD-9534E6522A5D}.Debug|ARM.ActiveCfg = Debug|Any CPU
		{3BEC1E6E-22B5-4FB4-84FD-9534E6522A5D}.Debug|ARM.Build.0 = Debug|Any CPU
		{3BEC1E6E-22B5-4FB4-84FD-9534E6522A5D}.Debug|x64.ActiveCfg = Debug|Any CPU
		{3BEC1E6E-22B5-4FB4-84FD-9534E6522A5D}.Debug|x64.Build.0 = Debug|Any CPU
		{3BEC1E6E-22B5-4FB4-84FD-9534E6522A5D}.Debug|x86.ActiveCfg = Debug|Any CPU
		{3BEC1E6E-22B5-4FB4-84FD-9534E6522A5D}.Debug|x86.Build.0 = Debug|Any CPU
		{3BEC1E6E-22B5-4FB4-84FD-9534E6522A5D}.Release|Any CPU.ActiveCfg = Release|Any CPU
		{3BEC1E6E-22B5-4FB4-84FD-9534E6522A5D}.Release|Any CPU.Build.0 = Release|Any CPU
		{3BEC1E6E-22B5-4FB4-84FD-9534E6522A5D}.Release|ARM.ActiveCfg = Release|Any CPU
		{3BEC1E6E-22B5-4FB4-84FD-9534E6522A5D}.Release|ARM.Build.0 = Release|Any CPU
		{3BEC1E6E-22B5-4FB4-84FD-9534E6522A5D}.Release|x64.ActiveCfg = Release|Any CPU
		{3BEC1E6E-22B5-4FB4-84FD-9534E6522A5D}.Release|x64.Build.0 = Release|Any CPU
		{3BEC1E6E-22B5-4FB4-84FD-9534E6522A5D}.Release|x86.ActiveCfg = Release|Any CPU
		{3BEC1E6E-22B5-4FB4-84FD-9534E6522A5D}.Release|x86.Build.0 = Release|Any CPU
		{D6B320F4-E971-4618-9B33-ADE874190210}.Debug|Any CPU.ActiveCfg = Debug|Any CPU
		{D6B320F4-E971-4618-9B33-ADE874190210}.Debug|Any CPU.Build.0 = Debug|Any CPU
		{D6B320F4-E971-4618-9B33-ADE874190210}.Debug|ARM.ActiveCfg = Debug|Any CPU
		{D6B320F4-E971-4618-9B33-ADE874190210}.Debug|ARM.Build.0 = Debug|Any CPU
		{D6B320F4-E971-4618-9B33-ADE874190210}.Debug|x64.ActiveCfg = Debug|Any CPU
		{D6B320F4-E971-4618-9B33-ADE874190210}.Debug|x64.Build.0 = Debug|Any CPU
		{D6B320F4-E971-4618-9B33-ADE874190210}.Debug|x86.ActiveCfg = Debug|Any CPU
		{D6B320F4-E971-4618-9B33-ADE874190210}.Debug|x86.Build.0 = Debug|Any CPU
		{D6B320F4-E971-4618-9B33-ADE874190210}.Release|Any CPU.ActiveCfg = Release|Any CPU
		{D6B320F4-E971-4618-9B33-ADE874190210}.Release|Any CPU.Build.0 = Release|Any CPU
		{D6B320F4-E971-4618-9B33-ADE874190210}.Release|ARM.ActiveCfg = Release|Any CPU
		{D6B320F4-E971-4618-9B33-ADE874190210}.Release|ARM.Build.0 = Release|Any CPU
		{D6B320F4-E971-4618-9B33-ADE874190210}.Release|x64.ActiveCfg = Release|Any CPU
		{D6B320F4-E971-4618-9B33-ADE874190210}.Release|x64.Build.0 = Release|Any CPU
		{D6B320F4-E971-4618-9B33-ADE874190210}.Release|x86.ActiveCfg = Release|Any CPU
		{D6B320F4-E971-4618-9B33-ADE874190210}.Release|x86.Build.0 = Release|Any CPU
		{BF51B835-E87D-4898-A1C2-3B34E7F2FF58}.Debug|Any CPU.ActiveCfg = Debug|Any CPU
		{BF51B835-E87D-4898-A1C2-3B34E7F2FF58}.Debug|Any CPU.Build.0 = Debug|Any CPU
		{BF51B835-E87D-4898-A1C2-3B34E7F2FF58}.Debug|ARM.ActiveCfg = Debug|Any CPU
		{BF51B835-E87D-4898-A1C2-3B34E7F2FF58}.Debug|ARM.Build.0 = Debug|Any CPU
		{BF51B835-E87D-4898-A1C2-3B34E7F2FF58}.Debug|x64.ActiveCfg = Debug|Any CPU
		{BF51B835-E87D-4898-A1C2-3B34E7F2FF58}.Debug|x64.Build.0 = Debug|Any CPU
		{BF51B835-E87D-4898-A1C2-3B34E7F2FF58}.Debug|x86.ActiveCfg = Debug|Any CPU
		{BF51B835-E87D-4898-A1C2-3B34E7F2FF58}.Debug|x86.Build.0 = Debug|Any CPU
		{BF51B835-E87D-4898-A1C2-3B34E7F2FF58}.Release|Any CPU.ActiveCfg = Release|Any CPU
		{BF51B835-E87D-4898-A1C2-3B34E7F2FF58}.Release|Any CPU.Build.0 = Release|Any CPU
		{BF51B835-E87D-4898-A1C2-3B34E7F2FF58}.Release|ARM.ActiveCfg = Release|Any CPU
		{BF51B835-E87D-4898-A1C2-3B34E7F2FF58}.Release|ARM.Build.0 = Release|Any CPU
		{BF51B835-E87D-4898-A1C2-3B34E7F2FF58}.Release|x64.ActiveCfg = Release|Any CPU
		{BF51B835-E87D-4898-A1C2-3B34E7F2FF58}.Release|x64.Build.0 = Release|Any CPU
		{BF51B835-E87D-4898-A1C2-3B34E7F2FF58}.Release|x86.ActiveCfg = Release|Any CPU
		{BF51B835-E87D-4898-A1C2-3B34E7F2FF58}.Release|x86.Build.0 = Release|Any CPU
		{1D2440E2-3E1D-4775-A23D-8C16C7AA37B7}.Debug|Any CPU.ActiveCfg = Debug|x86
		{1D2440E2-3E1D-4775-A23D-8C16C7AA37B7}.Debug|ARM.ActiveCfg = Debug|ARM
		{1D2440E2-3E1D-4775-A23D-8C16C7AA37B7}.Debug|ARM.Build.0 = Debug|ARM
		{1D2440E2-3E1D-4775-A23D-8C16C7AA37B7}.Debug|ARM.Deploy.0 = Debug|ARM
		{1D2440E2-3E1D-4775-A23D-8C16C7AA37B7}.Debug|x64.ActiveCfg = Debug|x64
		{1D2440E2-3E1D-4775-A23D-8C16C7AA37B7}.Debug|x64.Build.0 = Debug|x64
		{1D2440E2-3E1D-4775-A23D-8C16C7AA37B7}.Debug|x64.Deploy.0 = Debug|x64
		{1D2440E2-3E1D-4775-A23D-8C16C7AA37B7}.Debug|x86.ActiveCfg = Debug|x86
		{1D2440E2-3E1D-4775-A23D-8C16C7AA37B7}.Debug|x86.Build.0 = Debug|x86
		{1D2440E2-3E1D-4775-A23D-8C16C7AA37B7}.Debug|x86.Deploy.0 = Debug|x86
		{1D2440E2-3E1D-4775-A23D-8C16C7AA37B7}.Release|Any CPU.ActiveCfg = Release|x86
		{1D2440E2-3E1D-4775-A23D-8C16C7AA37B7}.Release|ARM.ActiveCfg = Release|ARM
		{1D2440E2-3E1D-4775-A23D-8C16C7AA37B7}.Release|ARM.Build.0 = Release|ARM
		{1D2440E2-3E1D-4775-A23D-8C16C7AA37B7}.Release|ARM.Deploy.0 = Release|ARM
		{1D2440E2-3E1D-4775-A23D-8C16C7AA37B7}.Release|x64.ActiveCfg = Release|x64
		{1D2440E2-3E1D-4775-A23D-8C16C7AA37B7}.Release|x64.Build.0 = Release|x64
		{1D2440E2-3E1D-4775-A23D-8C16C7AA37B7}.Release|x64.Deploy.0 = Release|x64
		{1D2440E2-3E1D-4775-A23D-8C16C7AA37B7}.Release|x86.ActiveCfg = Release|x86
		{1D2440E2-3E1D-4775-A23D-8C16C7AA37B7}.Release|x86.Build.0 = Release|x86
		{1D2440E2-3E1D-4775-A23D-8C16C7AA37B7}.Release|x86.Deploy.0 = Release|x86
		{259F042D-8775-49E6-A1FC-D796613FD344}.Debug|Any CPU.ActiveCfg = Debug|Any CPU
		{259F042D-8775-49E6-A1FC-D796613FD344}.Debug|Any CPU.Build.0 = Debug|Any CPU
		{259F042D-8775-49E6-A1FC-D796613FD344}.Debug|ARM.ActiveCfg = Debug|Any CPU
		{259F042D-8775-49E6-A1FC-D796613FD344}.Debug|ARM.Build.0 = Debug|Any CPU
		{259F042D-8775-49E6-A1FC-D796613FD344}.Debug|x64.ActiveCfg = Debug|Any CPU
		{259F042D-8775-49E6-A1FC-D796613FD344}.Debug|x64.Build.0 = Debug|Any CPU
		{259F042D-8775-49E6-A1FC-D796613FD344}.Debug|x86.ActiveCfg = Debug|Any CPU
		{259F042D-8775-49E6-A1FC-D796613FD344}.Debug|x86.Build.0 = Debug|Any CPU
		{259F042D-8775-49E6-A1FC-D796613FD344}.Release|Any CPU.ActiveCfg = Release|Any CPU
		{259F042D-8775-49E6-A1FC-D796613FD344}.Release|Any CPU.Build.0 = Release|Any CPU
		{259F042D-8775-49E6-A1FC-D796613FD344}.Release|ARM.ActiveCfg = Release|Any CPU
		{259F042D-8775-49E6-A1FC-D796613FD344}.Release|ARM.Build.0 = Release|Any CPU
		{259F042D-8775-49E6-A1FC-D796613FD344}.Release|x64.ActiveCfg = Release|Any CPU
		{259F042D-8775-49E6-A1FC-D796613FD344}.Release|x64.Build.0 = Release|Any CPU
		{259F042D-8775-49E6-A1FC-D796613FD344}.Release|x86.ActiveCfg = Release|Any CPU
		{259F042D-8775-49E6-A1FC-D796613FD344}.Release|x86.Build.0 = Release|Any CPU
		{EBD250BC-8016-4BEC-8FFF-7120D3A57027}.Debug|Any CPU.ActiveCfg = Debug|Any CPU
		{EBD250BC-8016-4BEC-8FFF-7120D3A57027}.Debug|Any CPU.Build.0 = Debug|Any CPU
		{EBD250BC-8016-4BEC-8FFF-7120D3A57027}.Debug|ARM.ActiveCfg = Debug|Any CPU
		{EBD250BC-8016-4BEC-8FFF-7120D3A57027}.Debug|ARM.Build.0 = Debug|Any CPU
		{EBD250BC-8016-4BEC-8FFF-7120D3A57027}.Debug|x64.ActiveCfg = Debug|Any CPU
		{EBD250BC-8016-4BEC-8FFF-7120D3A57027}.Debug|x64.Build.0 = Debug|Any CPU
		{EBD250BC-8016-4BEC-8FFF-7120D3A57027}.Debug|x86.ActiveCfg = Debug|Any CPU
		{EBD250BC-8016-4BEC-8FFF-7120D3A57027}.Debug|x86.Build.0 = Debug|Any CPU
		{EBD250BC-8016-4BEC-8FFF-7120D3A57027}.Release|Any CPU.ActiveCfg = Release|Any CPU
		{EBD250BC-8016-4BEC-8FFF-7120D3A57027}.Release|Any CPU.Build.0 = Release|Any CPU
		{EBD250BC-8016-4BEC-8FFF-7120D3A57027}.Release|ARM.ActiveCfg = Release|Any CPU
		{EBD250BC-8016-4BEC-8FFF-7120D3A57027}.Release|ARM.Build.0 = Release|Any CPU
		{EBD250BC-8016-4BEC-8FFF-7120D3A57027}.Release|x64.ActiveCfg = Release|Any CPU
		{EBD250BC-8016-4BEC-8FFF-7120D3A57027}.Release|x64.Build.0 = Release|Any CPU
		{EBD250BC-8016-4BEC-8FFF-7120D3A57027}.Release|x86.ActiveCfg = Release|Any CPU
		{EBD250BC-8016-4BEC-8FFF-7120D3A57027}.Release|x86.Build.0 = Release|Any CPU
		{AD8B3B2B-0645-4412-A052-F10C5672610A}.Debug|Any CPU.ActiveCfg = Debug|Any CPU
		{AD8B3B2B-0645-4412-A052-F10C5672610A}.Debug|Any CPU.Build.0 = Debug|Any CPU
		{AD8B3B2B-0645-4412-A052-F10C5672610A}.Debug|ARM.ActiveCfg = Debug|Any CPU
		{AD8B3B2B-0645-4412-A052-F10C5672610A}.Debug|ARM.Build.0 = Debug|Any CPU
		{AD8B3B2B-0645-4412-A052-F10C5672610A}.Debug|x64.ActiveCfg = Debug|Any CPU
		{AD8B3B2B-0645-4412-A052-F10C5672610A}.Debug|x64.Build.0 = Debug|Any CPU
		{AD8B3B2B-0645-4412-A052-F10C5672610A}.Debug|x86.ActiveCfg = Debug|Any CPU
		{AD8B3B2B-0645-4412-A052-F10C5672610A}.Debug|x86.Build.0 = Debug|Any CPU
		{AD8B3B2B-0645-4412-A052-F10C5672610A}.Release|Any CPU.ActiveCfg = Release|Any CPU
		{AD8B3B2B-0645-4412-A052-F10C5672610A}.Release|Any CPU.Build.0 = Release|Any CPU
		{AD8B3B2B-0645-4412-A052-F10C5672610A}.Release|ARM.ActiveCfg = Release|Any CPU
		{AD8B3B2B-0645-4412-A052-F10C5672610A}.Release|ARM.Build.0 = Release|Any CPU
		{AD8B3B2B-0645-4412-A052-F10C5672610A}.Release|x64.ActiveCfg = Release|Any CPU
		{AD8B3B2B-0645-4412-A052-F10C5672610A}.Release|x64.Build.0 = Release|Any CPU
		{AD8B3B2B-0645-4412-A052-F10C5672610A}.Release|x86.ActiveCfg = Release|Any CPU
		{AD8B3B2B-0645-4412-A052-F10C5672610A}.Release|x86.Build.0 = Release|Any CPU
		{4D642A8D-2E7E-4D94-9C35-16228E8004D4}.Debug|Any CPU.ActiveCfg = Debug|Any CPU
		{4D642A8D-2E7E-4D94-9C35-16228E8004D4}.Debug|Any CPU.Build.0 = Debug|Any CPU
		{4D642A8D-2E7E-4D94-9C35-16228E8004D4}.Debug|ARM.ActiveCfg = Debug|Any CPU
		{4D642A8D-2E7E-4D94-9C35-16228E8004D4}.Debug|ARM.Build.0 = Debug|Any CPU
		{4D642A8D-2E7E-4D94-9C35-16228E8004D4}.Debug|x64.ActiveCfg = Debug|Any CPU
		{4D642A8D-2E7E-4D94-9C35-16228E8004D4}.Debug|x64.Build.0 = Debug|Any CPU
		{4D642A8D-2E7E-4D94-9C35-16228E8004D4}.Debug|x86.ActiveCfg = Debug|Any CPU
		{4D642A8D-2E7E-4D94-9C35-16228E8004D4}.Debug|x86.Build.0 = Debug|Any CPU
		{4D642A8D-2E7E-4D94-9C35-16228E8004D4}.Release|Any CPU.ActiveCfg = Release|Any CPU
		{4D642A8D-2E7E-4D94-9C35-16228E8004D4}.Release|Any CPU.Build.0 = Release|Any CPU
		{4D642A8D-2E7E-4D94-9C35-16228E8004D4}.Release|ARM.ActiveCfg = Release|Any CPU
		{4D642A8D-2E7E-4D94-9C35-16228E8004D4}.Release|ARM.Build.0 = Release|Any CPU
		{4D642A8D-2E7E-4D94-9C35-16228E8004D4}.Release|x64.ActiveCfg = Release|Any CPU
		{4D642A8D-2E7E-4D94-9C35-16228E8004D4}.Release|x64.Build.0 = Release|Any CPU
		{4D642A8D-2E7E-4D94-9C35-16228E8004D4}.Release|x86.ActiveCfg = Release|Any CPU
		{4D642A8D-2E7E-4D94-9C35-16228E8004D4}.Release|x86.Build.0 = Release|Any CPU
		{E35A77CC-F8A6-42BD-B7A4-C455CDC97ED6}.Debug|Any CPU.ActiveCfg = Debug|Any CPU
		{E35A77CC-F8A6-42BD-B7A4-C455CDC97ED6}.Debug|Any CPU.Build.0 = Debug|Any CPU
		{E35A77CC-F8A6-42BD-B7A4-C455CDC97ED6}.Debug|ARM.ActiveCfg = Debug|Any CPU
		{E35A77CC-F8A6-42BD-B7A4-C455CDC97ED6}.Debug|ARM.Build.0 = Debug|Any CPU
		{E35A77CC-F8A6-42BD-B7A4-C455CDC97ED6}.Debug|x64.ActiveCfg = Debug|Any CPU
		{E35A77CC-F8A6-42BD-B7A4-C455CDC97ED6}.Debug|x64.Build.0 = Debug|Any CPU
		{E35A77CC-F8A6-42BD-B7A4-C455CDC97ED6}.Debug|x86.ActiveCfg = Debug|Any CPU
		{E35A77CC-F8A6-42BD-B7A4-C455CDC97ED6}.Debug|x86.Build.0 = Debug|Any CPU
		{E35A77CC-F8A6-42BD-B7A4-C455CDC97ED6}.Release|Any CPU.ActiveCfg = Release|Any CPU
		{E35A77CC-F8A6-42BD-B7A4-C455CDC97ED6}.Release|Any CPU.Build.0 = Release|Any CPU
		{E35A77CC-F8A6-42BD-B7A4-C455CDC97ED6}.Release|ARM.ActiveCfg = Release|Any CPU
		{E35A77CC-F8A6-42BD-B7A4-C455CDC97ED6}.Release|ARM.Build.0 = Release|Any CPU
		{E35A77CC-F8A6-42BD-B7A4-C455CDC97ED6}.Release|x64.ActiveCfg = Release|Any CPU
		{E35A77CC-F8A6-42BD-B7A4-C455CDC97ED6}.Release|x64.Build.0 = Release|Any CPU
		{E35A77CC-F8A6-42BD-B7A4-C455CDC97ED6}.Release|x86.ActiveCfg = Release|Any CPU
		{E35A77CC-F8A6-42BD-B7A4-C455CDC97ED6}.Release|x86.Build.0 = Release|Any CPU
		{AD82CBB3-C3DC-4306-8F59-3099D8D0F681}.Debug|Any CPU.ActiveCfg = Debug|Any CPU
		{AD82CBB3-C3DC-4306-8F59-3099D8D0F681}.Debug|Any CPU.Build.0 = Debug|Any CPU
		{AD82CBB3-C3DC-4306-8F59-3099D8D0F681}.Debug|ARM.ActiveCfg = Debug|Any CPU
		{AD82CBB3-C3DC-4306-8F59-3099D8D0F681}.Debug|ARM.Build.0 = Debug|Any CPU
		{AD82CBB3-C3DC-4306-8F59-3099D8D0F681}.Debug|x64.ActiveCfg = Debug|Any CPU
		{AD82CBB3-C3DC-4306-8F59-3099D8D0F681}.Debug|x64.Build.0 = Debug|Any CPU
		{AD82CBB3-C3DC-4306-8F59-3099D8D0F681}.Debug|x86.ActiveCfg = Debug|Any CPU
		{AD82CBB3-C3DC-4306-8F59-3099D8D0F681}.Debug|x86.Build.0 = Debug|Any CPU
		{AD82CBB3-C3DC-4306-8F59-3099D8D0F681}.Release|Any CPU.ActiveCfg = Release|Any CPU
		{AD82CBB3-C3DC-4306-8F59-3099D8D0F681}.Release|Any CPU.Build.0 = Release|Any CPU
		{AD82CBB3-C3DC-4306-8F59-3099D8D0F681}.Release|ARM.ActiveCfg = Release|Any CPU
		{AD82CBB3-C3DC-4306-8F59-3099D8D0F681}.Release|ARM.Build.0 = Release|Any CPU
		{AD82CBB3-C3DC-4306-8F59-3099D8D0F681}.Release|x64.ActiveCfg = Release|Any CPU
		{AD82CBB3-C3DC-4306-8F59-3099D8D0F681}.Release|x64.Build.0 = Release|Any CPU
		{AD82CBB3-C3DC-4306-8F59-3099D8D0F681}.Release|x86.ActiveCfg = Release|Any CPU
		{AD82CBB3-C3DC-4306-8F59-3099D8D0F681}.Release|x86.Build.0 = Release|Any CPU
		{182390B5-7265-4837-859E-1993D7ABF614}.Debug|Any CPU.ActiveCfg = Debug|Any CPU
		{182390B5-7265-4837-859E-1993D7ABF614}.Debug|Any CPU.Build.0 = Debug|Any CPU
		{182390B5-7265-4837-859E-1993D7ABF614}.Debug|ARM.ActiveCfg = Debug|Any CPU
		{182390B5-7265-4837-859E-1993D7ABF614}.Debug|ARM.Build.0 = Debug|Any CPU
		{182390B5-7265-4837-859E-1993D7ABF614}.Debug|x64.ActiveCfg = Debug|Any CPU
		{182390B5-7265-4837-859E-1993D7ABF614}.Debug|x64.Build.0 = Debug|Any CPU
		{182390B5-7265-4837-859E-1993D7ABF614}.Debug|x86.ActiveCfg = Debug|Any CPU
		{182390B5-7265-4837-859E-1993D7ABF614}.Debug|x86.Build.0 = Debug|Any CPU
		{182390B5-7265-4837-859E-1993D7ABF614}.Release|Any CPU.ActiveCfg = Release|Any CPU
		{182390B5-7265-4837-859E-1993D7ABF614}.Release|Any CPU.Build.0 = Release|Any CPU
		{182390B5-7265-4837-859E-1993D7ABF614}.Release|ARM.ActiveCfg = Release|Any CPU
		{182390B5-7265-4837-859E-1993D7ABF614}.Release|ARM.Build.0 = Release|Any CPU
		{182390B5-7265-4837-859E-1993D7ABF614}.Release|x64.ActiveCfg = Release|Any CPU
		{182390B5-7265-4837-859E-1993D7ABF614}.Release|x64.Build.0 = Release|Any CPU
		{182390B5-7265-4837-859E-1993D7ABF614}.Release|x86.ActiveCfg = Release|Any CPU
		{182390B5-7265-4837-859E-1993D7ABF614}.Release|x86.Build.0 = Release|Any CPU
		{4313D01F-4FCB-4B06-85EC-A7EBCFBD39FD}.Debug|Any CPU.ActiveCfg = Debug|Any CPU
		{4313D01F-4FCB-4B06-85EC-A7EBCFBD39FD}.Debug|Any CPU.Build.0 = Debug|Any CPU
		{4313D01F-4FCB-4B06-85EC-A7EBCFBD39FD}.Debug|ARM.ActiveCfg = Debug|Any CPU
		{4313D01F-4FCB-4B06-85EC-A7EBCFBD39FD}.Debug|ARM.Build.0 = Debug|Any CPU
		{4313D01F-4FCB-4B06-85EC-A7EBCFBD39FD}.Debug|x64.ActiveCfg = Debug|Any CPU
		{4313D01F-4FCB-4B06-85EC-A7EBCFBD39FD}.Debug|x64.Build.0 = Debug|Any CPU
		{4313D01F-4FCB-4B06-85EC-A7EBCFBD39FD}.Debug|x86.ActiveCfg = Debug|Any CPU
		{4313D01F-4FCB-4B06-85EC-A7EBCFBD39FD}.Debug|x86.Build.0 = Debug|Any CPU
		{4313D01F-4FCB-4B06-85EC-A7EBCFBD39FD}.Release|Any CPU.ActiveCfg = Release|Any CPU
		{4313D01F-4FCB-4B06-85EC-A7EBCFBD39FD}.Release|Any CPU.Build.0 = Release|Any CPU
		{4313D01F-4FCB-4B06-85EC-A7EBCFBD39FD}.Release|ARM.ActiveCfg = Release|Any CPU
		{4313D01F-4FCB-4B06-85EC-A7EBCFBD39FD}.Release|ARM.Build.0 = Release|Any CPU
		{4313D01F-4FCB-4B06-85EC-A7EBCFBD39FD}.Release|x64.ActiveCfg = Release|Any CPU
		{4313D01F-4FCB-4B06-85EC-A7EBCFBD39FD}.Release|x64.Build.0 = Release|Any CPU
		{4313D01F-4FCB-4B06-85EC-A7EBCFBD39FD}.Release|x86.ActiveCfg = Release|Any CPU
		{4313D01F-4FCB-4B06-85EC-A7EBCFBD39FD}.Release|x86.Build.0 = Release|Any CPU
		{A273A1F5-0FB2-4037-8F68-7E833CF52C3D}.Debug|Any CPU.ActiveCfg = Debug|x86
		{A273A1F5-0FB2-4037-8F68-7E833CF52C3D}.Debug|ARM.ActiveCfg = Debug|ARM
		{A273A1F5-0FB2-4037-8F68-7E833CF52C3D}.Debug|ARM.Build.0 = Debug|ARM
		{A273A1F5-0FB2-4037-8F68-7E833CF52C3D}.Debug|ARM.Deploy.0 = Debug|ARM
		{A273A1F5-0FB2-4037-8F68-7E833CF52C3D}.Debug|x64.ActiveCfg = Debug|x64
		{A273A1F5-0FB2-4037-8F68-7E833CF52C3D}.Debug|x64.Build.0 = Debug|x64
		{A273A1F5-0FB2-4037-8F68-7E833CF52C3D}.Debug|x64.Deploy.0 = Debug|x64
		{A273A1F5-0FB2-4037-8F68-7E833CF52C3D}.Debug|x86.ActiveCfg = Debug|x86
		{A273A1F5-0FB2-4037-8F68-7E833CF52C3D}.Debug|x86.Build.0 = Debug|x86
		{A273A1F5-0FB2-4037-8F68-7E833CF52C3D}.Debug|x86.Deploy.0 = Debug|x86
		{A273A1F5-0FB2-4037-8F68-7E833CF52C3D}.Release|Any CPU.ActiveCfg = Release|x86
		{A273A1F5-0FB2-4037-8F68-7E833CF52C3D}.Release|ARM.ActiveCfg = Release|ARM
		{A273A1F5-0FB2-4037-8F68-7E833CF52C3D}.Release|ARM.Build.0 = Release|ARM
		{A273A1F5-0FB2-4037-8F68-7E833CF52C3D}.Release|ARM.Deploy.0 = Release|ARM
		{A273A1F5-0FB2-4037-8F68-7E833CF52C3D}.Release|x64.ActiveCfg = Release|x64
		{A273A1F5-0FB2-4037-8F68-7E833CF52C3D}.Release|x64.Build.0 = Release|x64
		{A273A1F5-0FB2-4037-8F68-7E833CF52C3D}.Release|x64.Deploy.0 = Release|x64
		{A273A1F5-0FB2-4037-8F68-7E833CF52C3D}.Release|x86.ActiveCfg = Release|x86
		{A273A1F5-0FB2-4037-8F68-7E833CF52C3D}.Release|x86.Build.0 = Release|x86
		{A273A1F5-0FB2-4037-8F68-7E833CF52C3D}.Release|x86.Deploy.0 = Release|x86
		{81AA4C25-AA1D-4D32-9F60-8FA7C18DB679}.Debug|Any CPU.ActiveCfg = Debug|Any CPU
		{81AA4C25-AA1D-4D32-9F60-8FA7C18DB679}.Debug|Any CPU.Build.0 = Debug|Any CPU
		{81AA4C25-AA1D-4D32-9F60-8FA7C18DB679}.Debug|ARM.ActiveCfg = Debug|Any CPU
		{81AA4C25-AA1D-4D32-9F60-8FA7C18DB679}.Debug|ARM.Build.0 = Debug|Any CPU
		{81AA4C25-AA1D-4D32-9F60-8FA7C18DB679}.Debug|x64.ActiveCfg = Debug|Any CPU
		{81AA4C25-AA1D-4D32-9F60-8FA7C18DB679}.Debug|x64.Build.0 = Debug|Any CPU
		{81AA4C25-AA1D-4D32-9F60-8FA7C18DB679}.Debug|x86.ActiveCfg = Debug|Any CPU
		{81AA4C25-AA1D-4D32-9F60-8FA7C18DB679}.Debug|x86.Build.0 = Debug|Any CPU
		{81AA4C25-AA1D-4D32-9F60-8FA7C18DB679}.Release|Any CPU.ActiveCfg = Release|Any CPU
		{81AA4C25-AA1D-4D32-9F60-8FA7C18DB679}.Release|Any CPU.Build.0 = Release|Any CPU
		{81AA4C25-AA1D-4D32-9F60-8FA7C18DB679}.Release|ARM.ActiveCfg = Release|Any CPU
		{81AA4C25-AA1D-4D32-9F60-8FA7C18DB679}.Release|ARM.Build.0 = Release|Any CPU
		{81AA4C25-AA1D-4D32-9F60-8FA7C18DB679}.Release|x64.ActiveCfg = Release|Any CPU
		{81AA4C25-AA1D-4D32-9F60-8FA7C18DB679}.Release|x64.Build.0 = Release|Any CPU
		{81AA4C25-AA1D-4D32-9F60-8FA7C18DB679}.Release|x86.ActiveCfg = Release|Any CPU
		{81AA4C25-AA1D-4D32-9F60-8FA7C18DB679}.Release|x86.Build.0 = Release|Any CPU
		{306F0A6C-3295-4AA8-A50B-345C59ACAFE8}.Debug|Any CPU.ActiveCfg = Debug|Any CPU
		{306F0A6C-3295-4AA8-A50B-345C59ACAFE8}.Debug|Any CPU.Build.0 = Debug|Any CPU
		{306F0A6C-3295-4AA8-A50B-345C59ACAFE8}.Debug|ARM.ActiveCfg = Debug|Any CPU
		{306F0A6C-3295-4AA8-A50B-345C59ACAFE8}.Debug|ARM.Build.0 = Debug|Any CPU
		{306F0A6C-3295-4AA8-A50B-345C59ACAFE8}.Debug|x64.ActiveCfg = Debug|Any CPU
		{306F0A6C-3295-4AA8-A50B-345C59ACAFE8}.Debug|x64.Build.0 = Debug|Any CPU
		{306F0A6C-3295-4AA8-A50B-345C59ACAFE8}.Debug|x86.ActiveCfg = Debug|Any CPU
		{306F0A6C-3295-4AA8-A50B-345C59ACAFE8}.Debug|x86.Build.0 = Debug|Any CPU
		{306F0A6C-3295-4AA8-A50B-345C59ACAFE8}.Release|Any CPU.ActiveCfg = Release|Any CPU
		{306F0A6C-3295-4AA8-A50B-345C59ACAFE8}.Release|Any CPU.Build.0 = Release|Any CPU
		{306F0A6C-3295-4AA8-A50B-345C59ACAFE8}.Release|ARM.ActiveCfg = Release|Any CPU
		{306F0A6C-3295-4AA8-A50B-345C59ACAFE8}.Release|ARM.Build.0 = Release|Any CPU
		{306F0A6C-3295-4AA8-A50B-345C59ACAFE8}.Release|x64.ActiveCfg = Release|Any CPU
		{306F0A6C-3295-4AA8-A50B-345C59ACAFE8}.Release|x64.Build.0 = Release|Any CPU
		{306F0A6C-3295-4AA8-A50B-345C59ACAFE8}.Release|x86.ActiveCfg = Release|Any CPU
		{306F0A6C-3295-4AA8-A50B-345C59ACAFE8}.Release|x86.Build.0 = Release|Any CPU
		{A91D3F66-7C05-49B2-A3B1-E141F469AF87}.Debug|Any CPU.ActiveCfg = Debug|Any CPU
		{A91D3F66-7C05-49B2-A3B1-E141F469AF87}.Debug|Any CPU.Build.0 = Debug|Any CPU
		{A91D3F66-7C05-49B2-A3B1-E141F469AF87}.Debug|ARM.ActiveCfg = Debug|Any CPU
		{A91D3F66-7C05-49B2-A3B1-E141F469AF87}.Debug|ARM.Build.0 = Debug|Any CPU
		{A91D3F66-7C05-49B2-A3B1-E141F469AF87}.Debug|x64.ActiveCfg = Debug|Any CPU
		{A91D3F66-7C05-49B2-A3B1-E141F469AF87}.Debug|x64.Build.0 = Debug|Any CPU
		{A91D3F66-7C05-49B2-A3B1-E141F469AF87}.Debug|x86.ActiveCfg = Debug|Any CPU
		{A91D3F66-7C05-49B2-A3B1-E141F469AF87}.Debug|x86.Build.0 = Debug|Any CPU
		{A91D3F66-7C05-49B2-A3B1-E141F469AF87}.Release|Any CPU.ActiveCfg = Release|Any CPU
		{A91D3F66-7C05-49B2-A3B1-E141F469AF87}.Release|Any CPU.Build.0 = Release|Any CPU
		{A91D3F66-7C05-49B2-A3B1-E141F469AF87}.Release|ARM.ActiveCfg = Release|Any CPU
		{A91D3F66-7C05-49B2-A3B1-E141F469AF87}.Release|ARM.Build.0 = Release|Any CPU
		{A91D3F66-7C05-49B2-A3B1-E141F469AF87}.Release|x64.ActiveCfg = Release|Any CPU
		{A91D3F66-7C05-49B2-A3B1-E141F469AF87}.Release|x64.Build.0 = Release|Any CPU
		{A91D3F66-7C05-49B2-A3B1-E141F469AF87}.Release|x86.ActiveCfg = Release|Any CPU
		{A91D3F66-7C05-49B2-A3B1-E141F469AF87}.Release|x86.Build.0 = Release|Any CPU
		{EC9EDD58-735E-4601-9008-CB3E0FFBB02D}.Debug|Any CPU.ActiveCfg = Debug|x86
		{EC9EDD58-735E-4601-9008-CB3E0FFBB02D}.Debug|ARM.ActiveCfg = Debug|ARM
		{EC9EDD58-735E-4601-9008-CB3E0FFBB02D}.Debug|ARM.Build.0 = Debug|ARM
		{EC9EDD58-735E-4601-9008-CB3E0FFBB02D}.Debug|ARM.Deploy.0 = Debug|ARM
		{EC9EDD58-735E-4601-9008-CB3E0FFBB02D}.Debug|x64.ActiveCfg = Debug|x64
		{EC9EDD58-735E-4601-9008-CB3E0FFBB02D}.Debug|x64.Build.0 = Debug|x64
		{EC9EDD58-735E-4601-9008-CB3E0FFBB02D}.Debug|x64.Deploy.0 = Debug|x64
		{EC9EDD58-735E-4601-9008-CB3E0FFBB02D}.Debug|x86.ActiveCfg = Debug|x86
		{EC9EDD58-735E-4601-9008-CB3E0FFBB02D}.Debug|x86.Build.0 = Debug|x86
		{EC9EDD58-735E-4601-9008-CB3E0FFBB02D}.Debug|x86.Deploy.0 = Debug|x86
		{EC9EDD58-735E-4601-9008-CB3E0FFBB02D}.Release|Any CPU.ActiveCfg = Release|x86
		{EC9EDD58-735E-4601-9008-CB3E0FFBB02D}.Release|ARM.ActiveCfg = Release|ARM
		{EC9EDD58-735E-4601-9008-CB3E0FFBB02D}.Release|ARM.Build.0 = Release|ARM
		{EC9EDD58-735E-4601-9008-CB3E0FFBB02D}.Release|ARM.Deploy.0 = Release|ARM
		{EC9EDD58-735E-4601-9008-CB3E0FFBB02D}.Release|x64.ActiveCfg = Release|x64
		{EC9EDD58-735E-4601-9008-CB3E0FFBB02D}.Release|x64.Build.0 = Release|x64
		{EC9EDD58-735E-4601-9008-CB3E0FFBB02D}.Release|x64.Deploy.0 = Release|x64
		{EC9EDD58-735E-4601-9008-CB3E0FFBB02D}.Release|x86.ActiveCfg = Release|x86
		{EC9EDD58-735E-4601-9008-CB3E0FFBB02D}.Release|x86.Build.0 = Release|x86
		{EC9EDD58-735E-4601-9008-CB3E0FFBB02D}.Release|x86.Deploy.0 = Release|x86
		{71F1CBFC-CF74-470E-9F16-D65E94FBDD1F}.Debug|Any CPU.ActiveCfg = Debug|Any CPU
		{71F1CBFC-CF74-470E-9F16-D65E94FBDD1F}.Debug|Any CPU.Build.0 = Debug|Any CPU
		{71F1CBFC-CF74-470E-9F16-D65E94FBDD1F}.Debug|ARM.ActiveCfg = Debug|Any CPU
		{71F1CBFC-CF74-470E-9F16-D65E94FBDD1F}.Debug|ARM.Build.0 = Debug|Any CPU
		{71F1CBFC-CF74-470E-9F16-D65E94FBDD1F}.Debug|x64.ActiveCfg = Debug|Any CPU
		{71F1CBFC-CF74-470E-9F16-D65E94FBDD1F}.Debug|x64.Build.0 = Debug|Any CPU
		{71F1CBFC-CF74-470E-9F16-D65E94FBDD1F}.Debug|x86.ActiveCfg = Debug|Any CPU
		{71F1CBFC-CF74-470E-9F16-D65E94FBDD1F}.Debug|x86.Build.0 = Debug|Any CPU
		{71F1CBFC-CF74-470E-9F16-D65E94FBDD1F}.Release|Any CPU.ActiveCfg = Release|Any CPU
		{71F1CBFC-CF74-470E-9F16-D65E94FBDD1F}.Release|Any CPU.Build.0 = Release|Any CPU
		{71F1CBFC-CF74-470E-9F16-D65E94FBDD1F}.Release|ARM.ActiveCfg = Release|Any CPU
		{71F1CBFC-CF74-470E-9F16-D65E94FBDD1F}.Release|ARM.Build.0 = Release|Any CPU
		{71F1CBFC-CF74-470E-9F16-D65E94FBDD1F}.Release|x64.ActiveCfg = Release|Any CPU
		{71F1CBFC-CF74-470E-9F16-D65E94FBDD1F}.Release|x64.Build.0 = Release|Any CPU
		{71F1CBFC-CF74-470E-9F16-D65E94FBDD1F}.Release|x86.ActiveCfg = Release|Any CPU
		{71F1CBFC-CF74-470E-9F16-D65E94FBDD1F}.Release|x86.Build.0 = Release|Any CPU
		{C4552C7F-C20B-4CE9-82A9-83658E4B849B}.Debug|Any CPU.ActiveCfg = Debug|Any CPU
		{C4552C7F-C20B-4CE9-82A9-83658E4B849B}.Debug|Any CPU.Build.0 = Debug|Any CPU
		{C4552C7F-C20B-4CE9-82A9-83658E4B849B}.Debug|ARM.ActiveCfg = Debug|Any CPU
		{C4552C7F-C20B-4CE9-82A9-83658E4B849B}.Debug|ARM.Build.0 = Debug|Any CPU
		{C4552C7F-C20B-4CE9-82A9-83658E4B849B}.Debug|x64.ActiveCfg = Debug|Any CPU
		{C4552C7F-C20B-4CE9-82A9-83658E4B849B}.Debug|x64.Build.0 = Debug|Any CPU
		{C4552C7F-C20B-4CE9-82A9-83658E4B849B}.Debug|x86.ActiveCfg = Debug|Any CPU
		{C4552C7F-C20B-4CE9-82A9-83658E4B849B}.Debug|x86.Build.0 = Debug|Any CPU
		{C4552C7F-C20B-4CE9-82A9-83658E4B849B}.Release|Any CPU.ActiveCfg = Release|Any CPU
		{C4552C7F-C20B-4CE9-82A9-83658E4B849B}.Release|Any CPU.Build.0 = Release|Any CPU
		{C4552C7F-C20B-4CE9-82A9-83658E4B849B}.Release|ARM.ActiveCfg = Release|Any CPU
		{C4552C7F-C20B-4CE9-82A9-83658E4B849B}.Release|ARM.Build.0 = Release|Any CPU
		{C4552C7F-C20B-4CE9-82A9-83658E4B849B}.Release|x64.ActiveCfg = Release|Any CPU
		{C4552C7F-C20B-4CE9-82A9-83658E4B849B}.Release|x64.Build.0 = Release|Any CPU
		{C4552C7F-C20B-4CE9-82A9-83658E4B849B}.Release|x86.ActiveCfg = Release|Any CPU
		{C4552C7F-C20B-4CE9-82A9-83658E4B849B}.Release|x86.Build.0 = Release|Any CPU
	EndGlobalSection
	GlobalSection(SolutionProperties) = preSolution
		HideSolutionNode = FALSE
	EndGlobalSection
	GlobalSection(NestedProjects) = preSolution
		{D6B320F4-E971-4618-9B33-ADE874190210} = {9398C1D2-D7A9-4D20-9162-E1115EE6A369}
		{BF51B835-E87D-4898-A1C2-3B34E7F2FF58} = {16BD67B6-BC17-4A5D-A0CB-9A6EB5411EF1}
		{1D2440E2-3E1D-4775-A23D-8C16C7AA37B7} = {16BD67B6-BC17-4A5D-A0CB-9A6EB5411EF1}
		{259F042D-8775-49E6-A1FC-D796613FD344} = {83FF4F39-36DC-47F0-B830-EDEE8EA8F1FF}
		{EBD250BC-8016-4BEC-8FFF-7120D3A57027} = {6C8F5927-BA3B-4291-9AAB-12ECD1E82BC9}
		{AD8B3B2B-0645-4412-A052-F10C5672610A} = {D278A1FA-5142-47D8-8E5B-D95376063221}
		{4D642A8D-2E7E-4D94-9C35-16228E8004D4} = {ECC040BC-FD7F-4D82-AC6F-A2674D3287B4}
		{E35A77CC-F8A6-42BD-B7A4-C455CDC97ED6} = {D278A1FA-5142-47D8-8E5B-D95376063221}
		{AD82CBB3-C3DC-4306-8F59-3099D8D0F681} = {ECC040BC-FD7F-4D82-AC6F-A2674D3287B4}
		{182390B5-7265-4837-859E-1993D7ABF614} = {F3474DE5-EEFD-4F67-A7C0-4F1DA0E15ED9}
		{4313D01F-4FCB-4B06-85EC-A7EBCFBD39FD} = {F3474DE5-EEFD-4F67-A7C0-4F1DA0E15ED9}
		{A273A1F5-0FB2-4037-8F68-7E833CF52C3D} = {ECC040BC-FD7F-4D82-AC6F-A2674D3287B4}
		{81AA4C25-AA1D-4D32-9F60-8FA7C18DB679} = {E50F4A66-F72D-4670-818E-197538BA694D}
		{306F0A6C-3295-4AA8-A50B-345C59ACAFE8} = {E50F4A66-F72D-4670-818E-197538BA694D}
		{A91D3F66-7C05-49B2-A3B1-E141F469AF87} = {B9A0FB00-2A4B-4DC1-BA54-022BB18CB1CD}
		{EC9EDD58-735E-4601-9008-CB3E0FFBB02D} = {B9A0FB00-2A4B-4DC1-BA54-022BB18CB1CD}
		{71F1CBFC-CF74-470E-9F16-D65E94FBDD1F} = {B9A0FB00-2A4B-4DC1-BA54-022BB18CB1CD}
		{C4552C7F-C20B-4CE9-82A9-83658E4B849B} = {B9A0FB00-2A4B-4DC1-BA54-022BB18CB1CD}
		{DE05F979-4987-4425-8E28-8AEA99D5E5CB} = {B9A0FB00-2A4B-4DC1-BA54-022BB18CB1CD}
	EndGlobalSection
	GlobalSection(ExtensibilityGlobals) = postSolution
		SolutionGuid = {EA564CE0-AAD1-440E-B74B-7CBBE1306E11}
	EndGlobalSection
EndGlobal
