
Microsoft Visual Studio Solution File, Format Version 12.00
# Visual Studio 15
VisualStudioVersion = 15.0.27703.2000
MinimumVisualStudioVersion = 10.0.40219.1
Project("{FAE04EC0-301F-11D3-BF4B-00C04F79EFBC}") = "ProDemo", "ProDemo\ProDemo.csproj", "{3BEC1E6E-22B5-4FB4-84FD-9534E6522A5D}"
EndProject
Project("{2150E333-8FDC-42A3-9474-1A3956D46DE8}") = "AsnyncDemo", "AsnyncDemo", "{9398C1D2-D7A9-4D20-9162-E1115EE6A369}"
EndProject
Project("{FAE04EC0-301F-11D3-BF4B-00C04F79EFBC}") = "AsyncWpf", "AsyncWpf\AsyncWpf.csproj", "{D6B320F4-E971-4618-9B33-ADE874190210}"
EndProject
Project("{2150E333-8FDC-42A3-9474-1A3956D46DE8}") = "NewFolder1", "NewFolder1", "{6C8F5927-BA3B-4291-9AAB-12ECD1E82BC9}"
EndProject
Project("{2150E333-8FDC-42A3-9474-1A3956D46DE8}") = "NetworkDemo", "NetworkDemo", "{16BD67B6-BC17-4A5D-A0CB-9A6EB5411EF1}"
EndProject
Project("{FAE04EC0-301F-11D3-BF4B-00C04F79EFBC}") = "NetworkWpf", "NetworkWpf\NetworkWpf.csproj", "{BF51B835-E87D-4898-A1C2-3B34E7F2FF58}"
EndProject
Project("{FAE04EC0-301F-11D3-BF4B-00C04F79EFBC}") = "HttpClientUWP", "HttpClientUWP\HttpClientUWP.csproj", "{1D2440E2-3E1D-4775-A23D-8C16C7AA37B7}"
EndProject
Global
	GlobalSection(SolutionConfigurationPlatforms) = preSolution
		Debug|Any CPU = Debug|Any CPU
		Debug|ARM = Debug|ARM
		Debug|x64 = Debug|x64
		Debug|x86 = Debug|x86
		Release|Any CPU = Release|Any CPU
		Release|ARM = Release|ARM
		Release|x64 = Release|x64
		Release|x86 = Release|x86
	EndGlobalSection
	GlobalSection(ProjectConfigurationPlatforms) = postSolution
		{3BEC1E6E-22B5-4FB4-84FD-9534E6522A5D}.Debug|Any CPU.ActiveCfg = Debug|Any CPU
		{3BEC1E6E-22B5-4FB4-84FD-9534E6522A5D}.Debug|Any CPU.Build.0 = Debug|Any CPU
		{3BEC1E6E-22B5-4FB4-84FD-9534E6522A5D}.Debug|ARM.ActiveCfg = Debug|Any CPU
		{3BEC1E6E-22B5-4FB4-84FD-9534E6522A5D}.Debug|ARM.Build.0 = Debug|Any CPU
		{3BEC1E6E-22B5-4FB4-84FD-9534E6522A5D}.Debug|x64.ActiveCfg = Debug|Any CPU
		{3BEC1E6E-22B5-4FB4-84FD-9534E6522A5D}.Debug|x64.Build.0 = Debug|Any CPU
		{3BEC1E6E-22B5-4FB4-84FD-9534E6522A5D}.Debug|x86.ActiveCfg = Debug|Any CPU
		{3BEC1E6E-22B5-4FB4-84FD-9534E6522A5D}.Debug|x86.Build.0 = Debug|Any CPU
		{3BEC1E6E-22B5-4FB4-84FD-9534E6522A5D}.Release|Any CPU.ActiveCfg = Release|Any CPU
		{3BEC1E6E-22B5-4FB4-84FD-9534E6522A5D}.Release|Any CPU.Build.0 = Release|Any CPU
		{3BEC1E6E-22B5-4FB4-84FD-9534E6522A5D}.Release|ARM.ActiveCfg = Release|Any CPU
		{3BEC1E6E-22B5-4FB4-84FD-9534E6522A5D}.Release|ARM.Build.0 = Release|Any CPU
		{3BEC1E6E-22B5-4FB4-84FD-9534E6522A5D}.Release|x64.ActiveCfg = Release|Any CPU
		{3BEC1E6E-22B5-4FB4-84FD-9534E6522A5D}.Release|x64.Build.0 = Release|Any CPU
		{3BEC1E6E-22B5-4FB4-84FD-9534E6522A5D}.Release|x86.ActiveCfg = Release|Any CPU
		{3BEC1E6E-22B5-4FB4-84FD-9534E6522A5D}.Release|x86.Build.0 = Release|Any CPU
		{D6B320F4-E971-4618-9B33-ADE874190210}.Debug|Any CPU.ActiveCfg = Debug|Any CPU
		{D6B320F4-E971-4618-9B33-ADE874190210}.Debug|Any CPU.Build.0 = Debug|Any CPU
		{D6B320F4-E971-4618-9B33-ADE874190210}.Debug|ARM.ActiveCfg = Debug|Any CPU
		{D6B320F4-E971-4618-9B33-ADE874190210}.Debug|ARM.Build.0 = Debug|Any CPU
		{D6B320F4-E971-4618-9B33-ADE874190210}.Debug|x64.ActiveCfg = Debug|Any CPU
		{D6B320F4-E971-4618-9B33-ADE874190210}.Debug|x64.Build.0 = Debug|Any CPU
		{D6B320F4-E971-4618-9B33-ADE874190210}.Debug|x86.ActiveCfg = Debug|Any CPU
		{D6B320F4-E971-4618-9B33-ADE874190210}.Debug|x86.Build.0 = Debug|Any CPU
		{D6B320F4-E971-4618-9B33-ADE874190210}.Release|Any CPU.ActiveCfg = Release|Any CPU
		{D6B320F4-E971-4618-9B33-ADE874190210}.Release|Any CPU.Build.0 = Release|Any CPU
		{D6B320F4-E971-4618-9B33-ADE874190210}.Release|ARM.ActiveCfg = Release|Any CPU
		{D6B320F4-E971-4618-9B33-ADE874190210}.Release|ARM.Build.0 = Release|Any CPU
		{D6B320F4-E971-4618-9B33-ADE874190210}.Release|x64.ActiveCfg = Release|Any CPU
		{D6B320F4-E971-4618-9B33-ADE874190210}.Release|x64.Build.0 = Release|Any CPU
		{D6B320F4-E971-4618-9B33-ADE874190210}.Release|x86.ActiveCfg = Release|Any CPU
		{D6B320F4-E971-4618-9B33-ADE874190210}.Release|x86.Build.0 = Release|Any CPU
		{BF51B835-E87D-4898-A1C2-3B34E7F2FF58}.Debug|Any CPU.ActiveCfg = Debug|Any CPU
		{BF51B835-E87D-4898-A1C2-3B34E7F2FF58}.Debug|Any CPU.Build.0 = Debug|Any CPU
		{BF51B835-E87D-4898-A1C2-3B34E7F2FF58}.Debug|ARM.ActiveCfg = Debug|Any CPU
		{BF51B835-E87D-4898-A1C2-3B34E7F2FF58}.Debug|ARM.Build.0 = Debug|Any CPU
		{BF51B835-E87D-4898-A1C2-3B34E7F2FF58}.Debug|x64.ActiveCfg = Debug|Any CPU
		{BF51B835-E87D-4898-A1C2-3B34E7F2FF58}.Debug|x64.Build.0 = Debug|Any CPU
		{BF51B835-E87D-4898-A1C2-3B34E7F2FF58}.Debug|x86.ActiveCfg = Debug|Any CPU
		{BF51B835-E87D-4898-A1C2-3B34E7F2FF58}.Debug|x86.Build.0 = Debug|Any CPU
		{BF51B835-E87D-4898-A1C2-3B34E7F2FF58}.Release|Any CPU.ActiveCfg = Release|Any CPU
		{BF51B835-E87D-4898-A1C2-3B34E7F2FF58}.Release|Any CPU.Build.0 = Release|Any CPU
		{BF51B835-E87D-4898-A1C2-3B34E7F2FF58}.Release|ARM.ActiveCfg = Release|Any CPU
		{BF51B835-E87D-4898-A1C2-3B34E7F2FF58}.Release|ARM.Build.0 = Release|Any CPU
		{BF51B835-E87D-4898-A1C2-3B34E7F2FF58}.Release|x64.ActiveCfg = Release|Any CPU
		{BF51B835-E87D-4898-A1C2-3B34E7F2FF58}.Release|x64.Build.0 = Release|Any CPU
		{BF51B835-E87D-4898-A1C2-3B34E7F2FF58}.Release|x86.ActiveCfg = Release|Any CPU
		{BF51B835-E87D-4898-A1C2-3B34E7F2FF58}.Release|x86.Build.0 = Release|Any CPU
		{1D2440E2-3E1D-4775-A23D-8C16C7AA37B7}.Debug|Any CPU.ActiveCfg = Debug|x86
		{1D2440E2-3E1D-4775-A23D-8C16C7AA37B7}.Debug|ARM.ActiveCfg = Debug|ARM
		{1D2440E2-3E1D-4775-A23D-8C16C7AA37B7}.Debug|ARM.Build.0 = Debug|ARM
		{1D2440E2-3E1D-4775-A23D-8C16C7AA37B7}.Debug|ARM.Deploy.0 = Debug|ARM
		{1D2440E2-3E1D-4775-A23D-8C16C7AA37B7}.Debug|x64.ActiveCfg = Debug|x64
		{1D2440E2-3E1D-4775-A23D-8C16C7AA37B7}.Debug|x64.Build.0 = Debug|x64
		{1D2440E2-3E1D-4775-A23D-8C16C7AA37B7}.Debug|x64.Deploy.0 = Debug|x64
		{1D2440E2-3E1D-4775-A23D-8C16C7AA37B7}.Debug|x86.ActiveCfg = Debug|x86
		{1D2440E2-3E1D-4775-A23D-8C16C7AA37B7}.Debug|x86.Build.0 = Debug|x86
		{1D2440E2-3E1D-4775-A23D-8C16C7AA37B7}.Debug|x86.Deploy.0 = Debug|x86
		{1D2440E2-3E1D-4775-A23D-8C16C7AA37B7}.Release|Any CPU.ActiveCfg = Release|x86
		{1D2440E2-3E1D-4775-A23D-8C16C7AA37B7}.Release|ARM.ActiveCfg = Release|ARM
		{1D2440E2-3E1D-4775-A23D-8C16C7AA37B7}.Release|ARM.Build.0 = Release|ARM
		{1D2440E2-3E1D-4775-A23D-8C16C7AA37B7}.Release|ARM.Deploy.0 = Release|ARM
		{1D2440E2-3E1D-4775-A23D-8C16C7AA37B7}.Release|x64.ActiveCfg = Release|x64
		{1D2440E2-3E1D-4775-A23D-8C16C7AA37B7}.Release|x64.Build.0 = Release|x64
		{1D2440E2-3E1D-4775-A23D-8C16C7AA37B7}.Release|x64.Deploy.0 = Release|x64
		{1D2440E2-3E1D-4775-A23D-8C16C7AA37B7}.Release|x86.ActiveCfg = Release|x86
		{1D2440E2-3E1D-4775-A23D-8C16C7AA37B7}.Release|x86.Build.0 = Release|x86
		{1D2440E2-3E1D-4775-A23D-8C16C7AA37B7}.Release|x86.Deploy.0 = Release|x86
	EndGlobalSection
	GlobalSection(SolutionProperties) = preSolution
		HideSolutionNode = FALSE
	EndGlobalSection
	GlobalSection(NestedProjects) = preSolution
		{D6B320F4-E971-4618-9B33-ADE874190210} = {9398C1D2-D7A9-4D20-9162-E1115EE6A369}
		{BF51B835-E87D-4898-A1C2-3B34E7F2FF58} = {16BD67B6-BC17-4A5D-A0CB-9A6EB5411EF1}
		{1D2440E2-3E1D-4775-A23D-8C16C7AA37B7} = {16BD67B6-BC17-4A5D-A0CB-9A6EB5411EF1}
	EndGlobalSection
	GlobalSection(ExtensibilityGlobals) = postSolution
		SolutionGuid = {EA564CE0-AAD1-440E-B74B-7CBBE1306E11}
	EndGlobalSection
EndGlobal
